
Microsoft Visual Studio Solution File, Format Version 12.00
# Visual Studio Version 17
VisualStudioVersion = 17.7.34031.279
MinimumVisualStudioVersion = 10.0.40219.1
Project("{FAE04EC0-301F-11D3-BF4B-00C04F79EFBC}") = "NurseAPI", "NurseAPI.csproj", "{3E7003E0-E483-4720-90D7-296E15472E81}"
EndProject
Global
	GlobalSection(SolutionConfigurationPlatforms) = preSolution
		Debug|Any CPU = Debug|Any CPU
		Release|Any CPU = Release|Any CPU
	EndGlobalSection
	GlobalSection(ProjectConfigurationPlatforms) = postSolution
		{3E7003E0-E483-4720-90D7-296E15472E81}.Debug|Any CPU.ActiveCfg = Debug|Any CPU
		{3E7003E0-E483-4720-90D7-296E15472E81}.Debug|Any CPU.Build.0 = Debug|Any CPU
		{3E7003E0-E483-4720-90D7-296E15472E81}.Release|Any CPU.ActiveCfg = Release|Any CPU
		{3E7003E0-E483-4720-90D7-296E15472E81}.Release|Any CPU.Build.0 = Release|Any CPU
	EndGlobalSection
	GlobalSection(SolutionProperties) = preSolution
		HideSolutionNode = FALSE
	EndGlobalSection
	GlobalSection(ExtensibilityGlobals) = postSolution
		SolutionGuid = {ADAE752B-8698-405D-8582-AB3F7C2C38F8}
	EndGlobalSection
EndGlobal
